
Microsoft Visual Studio Solution File, Format Version 12.00
# Visual Studio Version 16
VisualStudioVersion = 16.0.809.5
MinimumVisualStudioVersion = 10.0.40219.1
Project("{FAE04EC0-301F-11D3-BF4B-00C04F79EFBC}") = "structassignment", "structassignment\structassignment.csproj", "{C035DB9C-735C-485D-A3E5-E6482E53F145}"
EndProject
Global
	GlobalSection(SolutionConfigurationPlatforms) = preSolution
		Debug|Any CPU = Debug|Any CPU
		Release|Any CPU = Release|Any CPU
	EndGlobalSection
	GlobalSection(ProjectConfigurationPlatforms) = postSolution
		{C035DB9C-735C-485D-A3E5-E6482E53F145}.Debug|Any CPU.ActiveCfg = Debug|Any CPU
		{C035DB9C-735C-485D-A3E5-E6482E53F145}.Debug|Any CPU.Build.0 = Debug|Any CPU
		{C035DB9C-735C-485D-A3E5-E6482E53F145}.Release|Any CPU.ActiveCfg = Release|Any CPU
		{C035DB9C-735C-485D-A3E5-E6482E53F145}.Release|Any CPU.Build.0 = Release|Any CPU
	EndGlobalSection
	GlobalSection(SolutionProperties) = preSolution
		HideSolutionNode = FALSE
	EndGlobalSection
	GlobalSection(ExtensibilityGlobals) = postSolution
		SolutionGuid = {4BF3EF90-0B67-4063-AEC2-E17C774B0A86}
	EndGlobalSection
EndGlobal
