
Microsoft Visual Studio Solution File, Format Version 12.00
# Visual Studio Version 16
VisualStudioVersion = 16.0.809.5
MinimumVisualStudioVersion = 10.0.40219.1
Project("{FAE04EC0-301F-11D3-BF4B-00C04F79EFBC}") = "myConsoleProjects.cs", "myConsoleProjects.cs\myConsoleProjects.cs.csproj", "{61B2A7D5-C138-4DD5-B41E-E49FB61DB1C8}"
EndProject
Global
	GlobalSection(SolutionConfigurationPlatforms) = preSolution
		Debug|Any CPU = Debug|Any CPU
		Release|Any CPU = Release|Any CPU
	EndGlobalSection
	GlobalSection(ProjectConfigurationPlatforms) = postSolution
		{61B2A7D5-C138-4DD5-B41E-E49FB61DB1C8}.Debug|Any CPU.ActiveCfg = Debug|Any CPU
		{61B2A7D5-C138-4DD5-B41E-E49FB61DB1C8}.Debug|Any CPU.Build.0 = Debug|Any CPU
		{61B2A7D5-C138-4DD5-B41E-E49FB61DB1C8}.Release|Any CPU.ActiveCfg = Release|Any CPU
		{61B2A7D5-C138-4DD5-B41E-E49FB61DB1C8}.Release|Any CPU.Build.0 = Release|Any CPU
	EndGlobalSection
	GlobalSection(SolutionProperties) = preSolution
		HideSolutionNode = FALSE
	EndGlobalSection
	GlobalSection(ExtensibilityGlobals) = postSolution
		SolutionGuid = {E0D27A71-4291-478B-A7B1-CD0E5526614C}
	EndGlobalSection
EndGlobal
