
Microsoft Visual Studio Solution File, Format Version 12.00
# Visual Studio Version 16
VisualStudioVersion = 16.0.809.5
MinimumVisualStudioVersion = 10.0.40219.1
Project("{FAE04EC0-301F-11D3-BF4B-00C04F79EFBC}") = "ClassSubmissionAssignment", "ClassSubmissionAssignment\ClassSubmissionAssignment.csproj", "{8DE5A83A-A483-403F-9BDB-215E247BFB55}"
EndProject
Global
	GlobalSection(SolutionConfigurationPlatforms) = preSolution
		Debug|Any CPU = Debug|Any CPU
		Release|Any CPU = Release|Any CPU
	EndGlobalSection
	GlobalSection(ProjectConfigurationPlatforms) = postSolution
		{8DE5A83A-A483-403F-9BDB-215E247BFB55}.Debug|Any CPU.ActiveCfg = Debug|Any CPU
		{8DE5A83A-A483-403F-9BDB-215E247BFB55}.Debug|Any CPU.Build.0 = Debug|Any CPU
		{8DE5A83A-A483-403F-9BDB-215E247BFB55}.Release|Any CPU.ActiveCfg = Release|Any CPU
		{8DE5A83A-A483-403F-9BDB-215E247BFB55}.Release|Any CPU.Build.0 = Release|Any CPU
	EndGlobalSection
	GlobalSection(SolutionProperties) = preSolution
		HideSolutionNode = FALSE
	EndGlobalSection
	GlobalSection(ExtensibilityGlobals) = postSolution
		SolutionGuid = {D946C3CE-6BE3-4753-A419-A0CA2493B64C}
	EndGlobalSection
EndGlobal
