
Microsoft Visual Studio Solution File, Format Version 12.00
# Visual Studio Version 16
VisualStudioVersion = 16.0.809.5
MinimumVisualStudioVersion = 10.0.40219.1
Project("{FAE04EC0-301F-11D3-BF4B-00C04F79EFBC}") = "ConsoleApp", "ConsoleApp\ConsoleApp.csproj", "{CA9F87B9-4518-4535-A00D-4ACFCDAACEFF}"
EndProject
Global
	GlobalSection(SolutionConfigurationPlatforms) = preSolution
		Debug|Any CPU = Debug|Any CPU
		Release|Any CPU = Release|Any CPU
	EndGlobalSection
	GlobalSection(ProjectConfigurationPlatforms) = postSolution
		{CA9F87B9-4518-4535-A00D-4ACFCDAACEFF}.Debug|Any CPU.ActiveCfg = Debug|Any CPU
		{CA9F87B9-4518-4535-A00D-4ACFCDAACEFF}.Debug|Any CPU.Build.0 = Debug|Any CPU
		{CA9F87B9-4518-4535-A00D-4ACFCDAACEFF}.Release|Any CPU.ActiveCfg = Release|Any CPU
		{CA9F87B9-4518-4535-A00D-4ACFCDAACEFF}.Release|Any CPU.Build.0 = Release|Any CPU
	EndGlobalSection
	GlobalSection(SolutionProperties) = preSolution
		HideSolutionNode = FALSE
	EndGlobalSection
	GlobalSection(ExtensibilityGlobals) = postSolution
		SolutionGuid = {F86FA8E0-AAA1-4151-AB8F-DE467D440B1D}
	EndGlobalSection
EndGlobal
