
Microsoft Visual Studio Solution File, Format Version 12.00
# Visual Studio Version 16
VisualStudioVersion = 16.0.809.5
MinimumVisualStudioVersion = 10.0.40219.1
Project("{FAE04EC0-301F-11D3-BF4B-00C04F79EFBC}") = "MainMethodAssignment", "MainMethodAssignment\MainMethodAssignment.csproj", "{90B7406F-814B-4A61-948D-C277ED9B3FDC}"
EndProject
Global
	GlobalSection(SolutionConfigurationPlatforms) = preSolution
		Debug|Any CPU = Debug|Any CPU
		Release|Any CPU = Release|Any CPU
	EndGlobalSection
	GlobalSection(ProjectConfigurationPlatforms) = postSolution
		{90B7406F-814B-4A61-948D-C277ED9B3FDC}.Debug|Any CPU.ActiveCfg = Debug|Any CPU
		{90B7406F-814B-4A61-948D-C277ED9B3FDC}.Debug|Any CPU.Build.0 = Debug|Any CPU
		{90B7406F-814B-4A61-948D-C277ED9B3FDC}.Release|Any CPU.ActiveCfg = Release|Any CPU
		{90B7406F-814B-4A61-948D-C277ED9B3FDC}.Release|Any CPU.Build.0 = Release|Any CPU
	EndGlobalSection
	GlobalSection(SolutionProperties) = preSolution
		HideSolutionNode = FALSE
	EndGlobalSection
	GlobalSection(ExtensibilityGlobals) = postSolution
		SolutionGuid = {81875DF2-B8BA-45FE-A4E1-E13632F65263}
	EndGlobalSection
EndGlobal
