
Microsoft Visual Studio Solution File, Format Version 12.00
# Visual Studio Version 16
VisualStudioVersion = 16.0.809.5
MinimumVisualStudioVersion = 10.0.40219.1
Project("{FAE04EC0-301F-11D3-BF4B-00C04F79EFBC}") = "ConsoleAppStringsAndIntegers", "ConsoleAppStringsAndIntegers\ConsoleAppStringsAndIntegers.csproj", "{30998688-3663-4933-9A28-6E83614A0046}"
EndProject
Global
	GlobalSection(SolutionConfigurationPlatforms) = preSolution
		Debug|Any CPU = Debug|Any CPU
		Release|Any CPU = Release|Any CPU
	EndGlobalSection
	GlobalSection(ProjectConfigurationPlatforms) = postSolution
		{30998688-3663-4933-9A28-6E83614A0046}.Debug|Any CPU.ActiveCfg = Debug|Any CPU
		{30998688-3663-4933-9A28-6E83614A0046}.Debug|Any CPU.Build.0 = Debug|Any CPU
		{30998688-3663-4933-9A28-6E83614A0046}.Release|Any CPU.ActiveCfg = Release|Any CPU
		{30998688-3663-4933-9A28-6E83614A0046}.Release|Any CPU.Build.0 = Release|Any CPU
	EndGlobalSection
	GlobalSection(SolutionProperties) = preSolution
		HideSolutionNode = FALSE
	EndGlobalSection
	GlobalSection(ExtensibilityGlobals) = postSolution
		SolutionGuid = {595ACE77-05B8-48CE-B495-DD60F39790B9}
	EndGlobalSection
EndGlobal
