
Microsoft Visual Studio Solution File, Format Version 12.00
# Visual Studio Version 16
VisualStudioVersion = 16.0.809.5
MinimumVisualStudioVersion = 10.0.40219.1
Project("{FAE04EC0-301F-11D3-BF4B-00C04F79EFBC}") = "Branching", "Branching\Branching.csproj", "{D88E09B1-8C2A-48D4-801D-380F0FEF9355}"
EndProject
Global
	GlobalSection(SolutionConfigurationPlatforms) = preSolution
		Debug|Any CPU = Debug|Any CPU
		Release|Any CPU = Release|Any CPU
	EndGlobalSection
	GlobalSection(ProjectConfigurationPlatforms) = postSolution
		{D88E09B1-8C2A-48D4-801D-380F0FEF9355}.Debug|Any CPU.ActiveCfg = Debug|Any CPU
		{D88E09B1-8C2A-48D4-801D-380F0FEF9355}.Debug|Any CPU.Build.0 = Debug|Any CPU
		{D88E09B1-8C2A-48D4-801D-380F0FEF9355}.Release|Any CPU.ActiveCfg = Release|Any CPU
		{D88E09B1-8C2A-48D4-801D-380F0FEF9355}.Release|Any CPU.Build.0 = Release|Any CPU
	EndGlobalSection
	GlobalSection(SolutionProperties) = preSolution
		HideSolutionNode = FALSE
	EndGlobalSection
	GlobalSection(ExtensibilityGlobals) = postSolution
		SolutionGuid = {D825159A-051C-48D4-B31F-3F1974EF1A66}
	EndGlobalSection
EndGlobal
