
Microsoft Visual Studio Solution File, Format Version 12.00
# Visual Studio Version 16
VisualStudioVersion = 16.0.809.5
MinimumVisualStudioVersion = 10.0.40219.1
Project("{FAE04EC0-301F-11D3-BF4B-00C04F79EFBC}") = "PolymorphismAssignment", "PolymorphismAssignment\PolymorphismAssignment.csproj", "{1BE040EF-80AB-4109-BE5D-14DAF0FBDA5D}"
EndProject
Global
	GlobalSection(SolutionConfigurationPlatforms) = preSolution
		Debug|Any CPU = Debug|Any CPU
		Release|Any CPU = Release|Any CPU
	EndGlobalSection
	GlobalSection(ProjectConfigurationPlatforms) = postSolution
		{1BE040EF-80AB-4109-BE5D-14DAF0FBDA5D}.Debug|Any CPU.ActiveCfg = Debug|Any CPU
		{1BE040EF-80AB-4109-BE5D-14DAF0FBDA5D}.Debug|Any CPU.Build.0 = Debug|Any CPU
		{1BE040EF-80AB-4109-BE5D-14DAF0FBDA5D}.Release|Any CPU.ActiveCfg = Release|Any CPU
		{1BE040EF-80AB-4109-BE5D-14DAF0FBDA5D}.Release|Any CPU.Build.0 = Release|Any CPU
	EndGlobalSection
	GlobalSection(SolutionProperties) = preSolution
		HideSolutionNode = FALSE
	EndGlobalSection
	GlobalSection(ExtensibilityGlobals) = postSolution
		SolutionGuid = {7369D123-9091-4E3B-A19A-747DB25FD410}
	EndGlobalSection
EndGlobal
