
Microsoft Visual Studio Solution File, Format Version 12.00
# Visual Studio Version 16
VisualStudioVersion = 16.0.809.5
MinimumVisualStudioVersion = 10.0.40219.1
Project("{FAE04EC0-301F-11D3-BF4B-00C04F79EFBC}") = "ParametersAssignment", "ParametersAssignment\ParametersAssignment.csproj", "{3908EF8D-DD59-4ECA-BE7B-86BED17E38CE}"
EndProject
Global
	GlobalSection(SolutionConfigurationPlatforms) = preSolution
		Debug|Any CPU = Debug|Any CPU
		Release|Any CPU = Release|Any CPU
	EndGlobalSection
	GlobalSection(ProjectConfigurationPlatforms) = postSolution
		{3908EF8D-DD59-4ECA-BE7B-86BED17E38CE}.Debug|Any CPU.ActiveCfg = Debug|Any CPU
		{3908EF8D-DD59-4ECA-BE7B-86BED17E38CE}.Debug|Any CPU.Build.0 = Debug|Any CPU
		{3908EF8D-DD59-4ECA-BE7B-86BED17E38CE}.Release|Any CPU.ActiveCfg = Release|Any CPU
		{3908EF8D-DD59-4ECA-BE7B-86BED17E38CE}.Release|Any CPU.Build.0 = Release|Any CPU
	EndGlobalSection
	GlobalSection(SolutionProperties) = preSolution
		HideSolutionNode = FALSE
	EndGlobalSection
	GlobalSection(ExtensibilityGlobals) = postSolution
		SolutionGuid = {EC0A4021-37CB-4BBB-9CAE-6187A58417AC}
	EndGlobalSection
EndGlobal
